
Microsoft Visual Studio Solution File, Format Version 12.00
# Visual Studio Version 16
VisualStudioVersion = 16.0.32228.343
MinimumVisualStudioVersion = 10.0.40219.1
Project("{FAE04EC0-301F-11D3-BF4B-00C04F79EFBC}") = "ShopBridge", "ShopBridge\ShopBridge.csproj", "{474B082A-C2AF-44B8-894A-5A25BC31C517}"
EndProject
Project("{FAE04EC0-301F-11D3-BF4B-00C04F79EFBC}") = "ShopBridgeWebAPI", "ShopBridgeWebAPI\ShopBridgeWebAPI.csproj", "{446214A6-2C55-48C9-810E-F0DC928DA889}"
EndProject
Project("{FAE04EC0-301F-11D3-BF4B-00C04F79EFBC}") = "WebAPIUnitTests", "WebAPIUnitTests\WebAPIUnitTests.csproj", "{B9FEE93D-16E5-4DC3-9707-95D9118DA721}"
EndProject
Global
	GlobalSection(SolutionConfigurationPlatforms) = preSolution
		Debug|Any CPU = Debug|Any CPU
		Release|Any CPU = Release|Any CPU
	EndGlobalSection
	GlobalSection(ProjectConfigurationPlatforms) = postSolution
		{474B082A-C2AF-44B8-894A-5A25BC31C517}.Debug|Any CPU.ActiveCfg = Debug|Any CPU
		{474B082A-C2AF-44B8-894A-5A25BC31C517}.Debug|Any CPU.Build.0 = Debug|Any CPU
		{474B082A-C2AF-44B8-894A-5A25BC31C517}.Release|Any CPU.ActiveCfg = Release|Any CPU
		{474B082A-C2AF-44B8-894A-5A25BC31C517}.Release|Any CPU.Build.0 = Release|Any CPU
		{446214A6-2C55-48C9-810E-F0DC928DA889}.Debug|Any CPU.ActiveCfg = Debug|Any CPU
		{446214A6-2C55-48C9-810E-F0DC928DA889}.Debug|Any CPU.Build.0 = Debug|Any CPU
		{446214A6-2C55-48C9-810E-F0DC928DA889}.Release|Any CPU.ActiveCfg = Release|Any CPU
		{446214A6-2C55-48C9-810E-F0DC928DA889}.Release|Any CPU.Build.0 = Release|Any CPU
		{B9FEE93D-16E5-4DC3-9707-95D9118DA721}.Debug|Any CPU.ActiveCfg = Debug|Any CPU
		{B9FEE93D-16E5-4DC3-9707-95D9118DA721}.Debug|Any CPU.Build.0 = Debug|Any CPU
		{B9FEE93D-16E5-4DC3-9707-95D9118DA721}.Release|Any CPU.ActiveCfg = Release|Any CPU
		{B9FEE93D-16E5-4DC3-9707-95D9118DA721}.Release|Any CPU.Build.0 = Release|Any CPU
	EndGlobalSection
	GlobalSection(SolutionProperties) = preSolution
		HideSolutionNode = FALSE
	EndGlobalSection
	GlobalSection(ExtensibilityGlobals) = postSolution
		SolutionGuid = {E6573EF1-9F26-4DE2-9971-7DF8D997F16D}
	EndGlobalSection
EndGlobal
